
Microsoft Visual Studio Solution File, Format Version 12.00
# Visual Studio Version 16
VisualStudioVersion = 16.0.31005.135
MinimumVisualStudioVersion = 10.0.40219.1
Project("{FAE04EC0-301F-11D3-BF4B-00C04F79EFBC}") = "1.Define_A_Class_Person", "1.Define_A_Class_Person\1.Define_A_Class_Person.csproj", "{127554AE-FE87-4CC1-BAFB-C6B8565501C2}"
EndProject
Project("{FAE04EC0-301F-11D3-BF4B-00C04F79EFBC}") = "2.Creating_Constructors", "2.Creating_Constructors\2.Creating_Constructors.csproj", "{5BA4693C-4D4E-47FF-A999-BB00247EF954}"
EndProject
Project("{FAE04EC0-301F-11D3-BF4B-00C04F79EFBC}") = "3.Oldest_Family_Member", "3.Oldest_Family_Member\3.Oldest_Family_Member.csproj", "{969BE28B-CDF2-4943-9F35-A36B5C7F537A}"
EndProject
Project("{FAE04EC0-301F-11D3-BF4B-00C04F79EFBC}") = "4_Opinion_Poll", "4_Opinion_Poll\4_Opinion_Poll.csproj", "{3AEE02CF-86C0-4855-A4BA-9F72CCD975BD}"
EndProject
Project("{FAE04EC0-301F-11D3-BF4B-00C04F79EFBC}") = "5.Date_Modifier", "5.Date_Modifier\5.Date_Modifier.csproj", "{5B4B5B49-80FB-4041-A68A-619BA3A150C5}"
EndProject
Project("{FAE04EC0-301F-11D3-BF4B-00C04F79EFBC}") = "6.Speed_Racing", "6.Speed_Racing\6.Speed_Racing.csproj", "{8AD645E1-C5C8-4C78-8E2F-AF1D83DFD859}"
EndProject
Global
	GlobalSection(SolutionConfigurationPlatforms) = preSolution
		Debug|Any CPU = Debug|Any CPU
		Release|Any CPU = Release|Any CPU
	EndGlobalSection
	GlobalSection(ProjectConfigurationPlatforms) = postSolution
		{127554AE-FE87-4CC1-BAFB-C6B8565501C2}.Debug|Any CPU.ActiveCfg = Debug|Any CPU
		{127554AE-FE87-4CC1-BAFB-C6B8565501C2}.Debug|Any CPU.Build.0 = Debug|Any CPU
		{127554AE-FE87-4CC1-BAFB-C6B8565501C2}.Release|Any CPU.ActiveCfg = Release|Any CPU
		{127554AE-FE87-4CC1-BAFB-C6B8565501C2}.Release|Any CPU.Build.0 = Release|Any CPU
		{5BA4693C-4D4E-47FF-A999-BB00247EF954}.Debug|Any CPU.ActiveCfg = Debug|Any CPU
		{5BA4693C-4D4E-47FF-A999-BB00247EF954}.Debug|Any CPU.Build.0 = Debug|Any CPU
		{5BA4693C-4D4E-47FF-A999-BB00247EF954}.Release|Any CPU.ActiveCfg = Release|Any CPU
		{5BA4693C-4D4E-47FF-A999-BB00247EF954}.Release|Any CPU.Build.0 = Release|Any CPU
		{969BE28B-CDF2-4943-9F35-A36B5C7F537A}.Debug|Any CPU.ActiveCfg = Debug|Any CPU
		{969BE28B-CDF2-4943-9F35-A36B5C7F537A}.Debug|Any CPU.Build.0 = Debug|Any CPU
		{969BE28B-CDF2-4943-9F35-A36B5C7F537A}.Release|Any CPU.ActiveCfg = Release|Any CPU
		{969BE28B-CDF2-4943-9F35-A36B5C7F537A}.Release|Any CPU.Build.0 = Release|Any CPU
		{3AEE02CF-86C0-4855-A4BA-9F72CCD975BD}.Debug|Any CPU.ActiveCfg = Debug|Any CPU
		{3AEE02CF-86C0-4855-A4BA-9F72CCD975BD}.Debug|Any CPU.Build.0 = Debug|Any CPU
		{3AEE02CF-86C0-4855-A4BA-9F72CCD975BD}.Release|Any CPU.ActiveCfg = Release|Any CPU
		{3AEE02CF-86C0-4855-A4BA-9F72CCD975BD}.Release|Any CPU.Build.0 = Release|Any CPU
		{5B4B5B49-80FB-4041-A68A-619BA3A150C5}.Debug|Any CPU.ActiveCfg = Debug|Any CPU
		{5B4B5B49-80FB-4041-A68A-619BA3A150C5}.Debug|Any CPU.Build.0 = Debug|Any CPU
		{5B4B5B49-80FB-4041-A68A-619BA3A150C5}.Release|Any CPU.ActiveCfg = Release|Any CPU
		{5B4B5B49-80FB-4041-A68A-619BA3A150C5}.Release|Any CPU.Build.0 = Release|Any CPU
		{8AD645E1-C5C8-4C78-8E2F-AF1D83DFD859}.Debug|Any CPU.ActiveCfg = Debug|Any CPU
		{8AD645E1-C5C8-4C78-8E2F-AF1D83DFD859}.Debug|Any CPU.Build.0 = Debug|Any CPU
		{8AD645E1-C5C8-4C78-8E2F-AF1D83DFD859}.Release|Any CPU.ActiveCfg = Release|Any CPU
		{8AD645E1-C5C8-4C78-8E2F-AF1D83DFD859}.Release|Any CPU.Build.0 = Release|Any CPU
	EndGlobalSection
	GlobalSection(SolutionProperties) = preSolution
		HideSolutionNode = FALSE
	EndGlobalSection
	GlobalSection(ExtensibilityGlobals) = postSolution
		SolutionGuid = {8E7757D6-3F6E-4222-B7D6-6AEFEB61C7BC}
	EndGlobalSection
EndGlobal
