
Microsoft Visual Studio Solution File, Format Version 12.00
# Visual Studio Version 16
VisualStudioVersion = 16.0.31005.135
MinimumVisualStudioVersion = 10.0.40219.1
Project("{FAE04EC0-301F-11D3-BF4B-00C04F79EFBC}") = "1_Car", "1_Car\1_Car.csproj", "{50AE39D7-B76E-4EEA-B4F2-694E995DE3D9}"
EndProject
Project("{FAE04EC0-301F-11D3-BF4B-00C04F79EFBC}") = "2.Car_Extension", "2.Car_Extension\2.Car_Extension.csproj", "{BBFBDF3E-0989-4BCF-9D86-19AF800FD536}"
EndProject
Project("{FAE04EC0-301F-11D3-BF4B-00C04F79EFBC}") = "3.Car_Constructors", "3.Car_Constructors\3.Car_Constructors.csproj", "{BBF32FBA-C030-4A83-BBFF-B00D94085A74}"
EndProject
Project("{FAE04EC0-301F-11D3-BF4B-00C04F79EFBC}") = "4.Car_Engine_And_Tires", "4.Car_Engine_And_Tires\4.Car_Engine_And_Tires.csproj", "{A2860095-3036-4B02-8751-881E9A61F834}"
EndProject
Project("{FAE04EC0-301F-11D3-BF4B-00C04F79EFBC}") = "5_Special_Cars", "5_Special_Cars\5_Special_Cars.csproj", "{BD4E36AB-4CAD-4EF9-8432-9307BB9909F8}"
EndProject
Global
	GlobalSection(SolutionConfigurationPlatforms) = preSolution
		Debug|Any CPU = Debug|Any CPU
		Release|Any CPU = Release|Any CPU
	EndGlobalSection
	GlobalSection(ProjectConfigurationPlatforms) = postSolution
		{50AE39D7-B76E-4EEA-B4F2-694E995DE3D9}.Debug|Any CPU.ActiveCfg = Debug|Any CPU
		{50AE39D7-B76E-4EEA-B4F2-694E995DE3D9}.Debug|Any CPU.Build.0 = Debug|Any CPU
		{50AE39D7-B76E-4EEA-B4F2-694E995DE3D9}.Release|Any CPU.ActiveCfg = Release|Any CPU
		{50AE39D7-B76E-4EEA-B4F2-694E995DE3D9}.Release|Any CPU.Build.0 = Release|Any CPU
		{BBFBDF3E-0989-4BCF-9D86-19AF800FD536}.Debug|Any CPU.ActiveCfg = Debug|Any CPU
		{BBFBDF3E-0989-4BCF-9D86-19AF800FD536}.Debug|Any CPU.Build.0 = Debug|Any CPU
		{BBFBDF3E-0989-4BCF-9D86-19AF800FD536}.Release|Any CPU.ActiveCfg = Release|Any CPU
		{BBFBDF3E-0989-4BCF-9D86-19AF800FD536}.Release|Any CPU.Build.0 = Release|Any CPU
		{BBF32FBA-C030-4A83-BBFF-B00D94085A74}.Debug|Any CPU.ActiveCfg = Debug|Any CPU
		{BBF32FBA-C030-4A83-BBFF-B00D94085A74}.Debug|Any CPU.Build.0 = Debug|Any CPU
		{BBF32FBA-C030-4A83-BBFF-B00D94085A74}.Release|Any CPU.ActiveCfg = Release|Any CPU
		{BBF32FBA-C030-4A83-BBFF-B00D94085A74}.Release|Any CPU.Build.0 = Release|Any CPU
		{A2860095-3036-4B02-8751-881E9A61F834}.Debug|Any CPU.ActiveCfg = Debug|Any CPU
		{A2860095-3036-4B02-8751-881E9A61F834}.Debug|Any CPU.Build.0 = Debug|Any CPU
		{A2860095-3036-4B02-8751-881E9A61F834}.Release|Any CPU.ActiveCfg = Release|Any CPU
		{A2860095-3036-4B02-8751-881E9A61F834}.Release|Any CPU.Build.0 = Release|Any CPU
		{BD4E36AB-4CAD-4EF9-8432-9307BB9909F8}.Debug|Any CPU.ActiveCfg = Debug|Any CPU
		{BD4E36AB-4CAD-4EF9-8432-9307BB9909F8}.Debug|Any CPU.Build.0 = Debug|Any CPU
		{BD4E36AB-4CAD-4EF9-8432-9307BB9909F8}.Release|Any CPU.ActiveCfg = Release|Any CPU
		{BD4E36AB-4CAD-4EF9-8432-9307BB9909F8}.Release|Any CPU.Build.0 = Release|Any CPU
	EndGlobalSection
	GlobalSection(SolutionProperties) = preSolution
		HideSolutionNode = FALSE
	EndGlobalSection
	GlobalSection(ExtensibilityGlobals) = postSolution
		SolutionGuid = {58BF391A-D801-4D9E-BA12-9DC030551617}
	EndGlobalSection
EndGlobal
