
Microsoft Visual Studio Solution File, Format Version 12.00
# Visual Studio Version 16
VisualStudioVersion = 16.0.31005.135
MinimumVisualStudioVersion = 10.0.40219.1
Project("{FAE04EC0-301F-11D3-BF4B-00C04F79EFBC}") = "01.Scheduling", "01.Scheduling\01.Scheduling.csproj", "{E4B0AF0E-E3E1-4862-8A7D-D9960333CF60}"
EndProject
Project("{FAE04EC0-301F-11D3-BF4B-00C04F79EFBC}") = "02.Garden", "02.Garden\02.Garden.csproj", "{77F9F4E2-BA08-47CC-AF02-B95408C8BE25}"
EndProject
Project("{FAE04EC0-301F-11D3-BF4B-00C04F79EFBC}") = "03.Classroom", "03.Classroom\03.Classroom.csproj", "{99411311-1271-4EBD-87D6-36A4E8196E07}"
EndProject
Global
	GlobalSection(SolutionConfigurationPlatforms) = preSolution
		Debug|Any CPU = Debug|Any CPU
		Release|Any CPU = Release|Any CPU
	EndGlobalSection
	GlobalSection(ProjectConfigurationPlatforms) = postSolution
		{E4B0AF0E-E3E1-4862-8A7D-D9960333CF60}.Debug|Any CPU.ActiveCfg = Debug|Any CPU
		{E4B0AF0E-E3E1-4862-8A7D-D9960333CF60}.Debug|Any CPU.Build.0 = Debug|Any CPU
		{E4B0AF0E-E3E1-4862-8A7D-D9960333CF60}.Release|Any CPU.ActiveCfg = Release|Any CPU
		{E4B0AF0E-E3E1-4862-8A7D-D9960333CF60}.Release|Any CPU.Build.0 = Release|Any CPU
		{77F9F4E2-BA08-47CC-AF02-B95408C8BE25}.Debug|Any CPU.ActiveCfg = Debug|Any CPU
		{77F9F4E2-BA08-47CC-AF02-B95408C8BE25}.Debug|Any CPU.Build.0 = Debug|Any CPU
		{77F9F4E2-BA08-47CC-AF02-B95408C8BE25}.Release|Any CPU.ActiveCfg = Release|Any CPU
		{77F9F4E2-BA08-47CC-AF02-B95408C8BE25}.Release|Any CPU.Build.0 = Release|Any CPU
		{99411311-1271-4EBD-87D6-36A4E8196E07}.Debug|Any CPU.ActiveCfg = Debug|Any CPU
		{99411311-1271-4EBD-87D6-36A4E8196E07}.Debug|Any CPU.Build.0 = Debug|Any CPU
		{99411311-1271-4EBD-87D6-36A4E8196E07}.Release|Any CPU.ActiveCfg = Release|Any CPU
		{99411311-1271-4EBD-87D6-36A4E8196E07}.Release|Any CPU.Build.0 = Release|Any CPU
	EndGlobalSection
	GlobalSection(SolutionProperties) = preSolution
		HideSolutionNode = FALSE
	EndGlobalSection
	GlobalSection(ExtensibilityGlobals) = postSolution
		SolutionGuid = {152669AD-BC8C-464F-8ACD-D6B812BC0AA8}
	EndGlobalSection
EndGlobal
