
Microsoft Visual Studio Solution File, Format Version 12.00
# Visual Studio Version 16
VisualStudioVersion = 16.0.31005.135
MinimumVisualStudioVersion = 10.0.40219.1
Project("{FAE04EC0-301F-11D3-BF4B-00C04F79EFBC}") = "01.Cooking", "01.Cooking\01.Cooking.csproj", "{A0AC32D5-555A-4E5D-B267-DEA1669A0F45}"
EndProject
Project("{FAE04EC0-301F-11D3-BF4B-00C04F79EFBC}") = "02.Selling", "02.Selling\02.Selling.csproj", "{0A5C2152-C01D-4B5C-9F0A-2E8D2D669C75}"
EndProject
Project("{FAE04EC0-301F-11D3-BF4B-00C04F79EFBC}") = "03.Openning", "03.Openning\03.Openning.csproj", "{12650FB0-61C9-47D0-8F0B-67B6FF516CE2}"
EndProject
Global
	GlobalSection(SolutionConfigurationPlatforms) = preSolution
		Debug|Any CPU = Debug|Any CPU
		Release|Any CPU = Release|Any CPU
	EndGlobalSection
	GlobalSection(ProjectConfigurationPlatforms) = postSolution
		{A0AC32D5-555A-4E5D-B267-DEA1669A0F45}.Debug|Any CPU.ActiveCfg = Debug|Any CPU
		{A0AC32D5-555A-4E5D-B267-DEA1669A0F45}.Debug|Any CPU.Build.0 = Debug|Any CPU
		{A0AC32D5-555A-4E5D-B267-DEA1669A0F45}.Release|Any CPU.ActiveCfg = Release|Any CPU
		{A0AC32D5-555A-4E5D-B267-DEA1669A0F45}.Release|Any CPU.Build.0 = Release|Any CPU
		{0A5C2152-C01D-4B5C-9F0A-2E8D2D669C75}.Debug|Any CPU.ActiveCfg = Debug|Any CPU
		{0A5C2152-C01D-4B5C-9F0A-2E8D2D669C75}.Debug|Any CPU.Build.0 = Debug|Any CPU
		{0A5C2152-C01D-4B5C-9F0A-2E8D2D669C75}.Release|Any CPU.ActiveCfg = Release|Any CPU
		{0A5C2152-C01D-4B5C-9F0A-2E8D2D669C75}.Release|Any CPU.Build.0 = Release|Any CPU
		{12650FB0-61C9-47D0-8F0B-67B6FF516CE2}.Debug|Any CPU.ActiveCfg = Debug|Any CPU
		{12650FB0-61C9-47D0-8F0B-67B6FF516CE2}.Debug|Any CPU.Build.0 = Debug|Any CPU
		{12650FB0-61C9-47D0-8F0B-67B6FF516CE2}.Release|Any CPU.ActiveCfg = Release|Any CPU
		{12650FB0-61C9-47D0-8F0B-67B6FF516CE2}.Release|Any CPU.Build.0 = Release|Any CPU
	EndGlobalSection
	GlobalSection(SolutionProperties) = preSolution
		HideSolutionNode = FALSE
	EndGlobalSection
	GlobalSection(ExtensibilityGlobals) = postSolution
		SolutionGuid = {38FF2882-1E56-4F3D-846A-6431D22F041D}
	EndGlobalSection
EndGlobal
