
Microsoft Visual Studio Solution File, Format Version 12.00
# Visual Studio Version 16
VisualStudioVersion = 16.0.31005.135
MinimumVisualStudioVersion = 10.0.40219.1
Project("{FAE04EC0-301F-11D3-BF4B-00C04F79EFBC}") = "01.The_Fight_For_Gondor", "01.The_Fight_For_Gondor\01.The_Fight_For_Gondor.csproj", "{7237EAF3-2AC7-476C-92C5-0B1A92BEC567}"
EndProject
Project("{FAE04EC0-301F-11D3-BF4B-00C04F79EFBC}") = "02.Warships", "02.Warships\02.Warships.csproj", "{F8A31984-AA84-4297-8DB1-9AEE54BE82B1}"
EndProject
Project("{FAE04EC0-301F-11D3-BF4B-00C04F79EFBC}") = "03.The_Race", "03.The_Race\03.The_Race.csproj", "{D79343AB-3131-478A-8197-8296828108D2}"
EndProject
Global
	GlobalSection(SolutionConfigurationPlatforms) = preSolution
		Debug|Any CPU = Debug|Any CPU
		Release|Any CPU = Release|Any CPU
	EndGlobalSection
	GlobalSection(ProjectConfigurationPlatforms) = postSolution
		{7237EAF3-2AC7-476C-92C5-0B1A92BEC567}.Debug|Any CPU.ActiveCfg = Debug|Any CPU
		{7237EAF3-2AC7-476C-92C5-0B1A92BEC567}.Debug|Any CPU.Build.0 = Debug|Any CPU
		{7237EAF3-2AC7-476C-92C5-0B1A92BEC567}.Release|Any CPU.ActiveCfg = Release|Any CPU
		{7237EAF3-2AC7-476C-92C5-0B1A92BEC567}.Release|Any CPU.Build.0 = Release|Any CPU
		{F8A31984-AA84-4297-8DB1-9AEE54BE82B1}.Debug|Any CPU.ActiveCfg = Debug|Any CPU
		{F8A31984-AA84-4297-8DB1-9AEE54BE82B1}.Debug|Any CPU.Build.0 = Debug|Any CPU
		{F8A31984-AA84-4297-8DB1-9AEE54BE82B1}.Release|Any CPU.ActiveCfg = Release|Any CPU
		{F8A31984-AA84-4297-8DB1-9AEE54BE82B1}.Release|Any CPU.Build.0 = Release|Any CPU
		{D79343AB-3131-478A-8197-8296828108D2}.Debug|Any CPU.ActiveCfg = Debug|Any CPU
		{D79343AB-3131-478A-8197-8296828108D2}.Debug|Any CPU.Build.0 = Debug|Any CPU
		{D79343AB-3131-478A-8197-8296828108D2}.Release|Any CPU.ActiveCfg = Release|Any CPU
		{D79343AB-3131-478A-8197-8296828108D2}.Release|Any CPU.Build.0 = Release|Any CPU
	EndGlobalSection
	GlobalSection(SolutionProperties) = preSolution
		HideSolutionNode = FALSE
	EndGlobalSection
	GlobalSection(ExtensibilityGlobals) = postSolution
		SolutionGuid = {2715946E-D076-4F66-B104-0D234A957F70}
	EndGlobalSection
EndGlobal
