
Microsoft Visual Studio Solution File, Format Version 12.00
# Visual Studio Version 16
VisualStudioVersion = 16.0.31005.135
MinimumVisualStudioVersion = 10.0.40219.1
Project("{FAE04EC0-301F-11D3-BF4B-00C04F79EFBC}") = "01.Club-Party", "01.Club-Party\01.Club-Party.csproj", "{FFC76271-BA26-49F6-BE3B-7CFEBF2D726E}"
EndProject
Project("{FAE04EC0-301F-11D3-BF4B-00C04F79EFBC}") = "01_ClubParty", "01_ClubParty\01_ClubParty.csproj", "{6FC19857-2380-4221-9C9A-A5DB3A9C7E23}"
EndProject
Project("{FAE04EC0-301F-11D3-BF4B-00C04F79EFBC}") = "01ClubParty", "01ClubParty\01ClubParty.csproj", "{C2944BBD-7C0C-427F-B599-59B5EABC0BC6}"
EndProject
Global
	GlobalSection(SolutionConfigurationPlatforms) = preSolution
		Debug|Any CPU = Debug|Any CPU
		Release|Any CPU = Release|Any CPU
	EndGlobalSection
	GlobalSection(ProjectConfigurationPlatforms) = postSolution
		{FFC76271-BA26-49F6-BE3B-7CFEBF2D726E}.Debug|Any CPU.ActiveCfg = Debug|Any CPU
		{FFC76271-BA26-49F6-BE3B-7CFEBF2D726E}.Debug|Any CPU.Build.0 = Debug|Any CPU
		{FFC76271-BA26-49F6-BE3B-7CFEBF2D726E}.Release|Any CPU.ActiveCfg = Release|Any CPU
		{FFC76271-BA26-49F6-BE3B-7CFEBF2D726E}.Release|Any CPU.Build.0 = Release|Any CPU
		{6FC19857-2380-4221-9C9A-A5DB3A9C7E23}.Debug|Any CPU.ActiveCfg = Debug|Any CPU
		{6FC19857-2380-4221-9C9A-A5DB3A9C7E23}.Debug|Any CPU.Build.0 = Debug|Any CPU
		{6FC19857-2380-4221-9C9A-A5DB3A9C7E23}.Release|Any CPU.ActiveCfg = Release|Any CPU
		{6FC19857-2380-4221-9C9A-A5DB3A9C7E23}.Release|Any CPU.Build.0 = Release|Any CPU
		{C2944BBD-7C0C-427F-B599-59B5EABC0BC6}.Debug|Any CPU.ActiveCfg = Debug|Any CPU
		{C2944BBD-7C0C-427F-B599-59B5EABC0BC6}.Debug|Any CPU.Build.0 = Debug|Any CPU
		{C2944BBD-7C0C-427F-B599-59B5EABC0BC6}.Release|Any CPU.ActiveCfg = Release|Any CPU
		{C2944BBD-7C0C-427F-B599-59B5EABC0BC6}.Release|Any CPU.Build.0 = Release|Any CPU
	EndGlobalSection
	GlobalSection(SolutionProperties) = preSolution
		HideSolutionNode = FALSE
	EndGlobalSection
	GlobalSection(ExtensibilityGlobals) = postSolution
		SolutionGuid = {70E7A6F6-0C7D-47A8-8110-23FFF1B8A1C5}
	EndGlobalSection
EndGlobal
