
Microsoft Visual Studio Solution File, Format Version 12.00
# Visual Studio Version 16
VisualStudioVersion = 16.0.31005.135
MinimumVisualStudioVersion = 10.0.40219.1
Project("{FAE04EC0-301F-11D3-BF4B-00C04F79EFBC}") = "Custom_Doubly_ Linked_List", "Custom_Doubly_ Linked_List\Custom_Doubly_ Linked_List.csproj", "{899964B3-CA16-4F12-A350-60FEC2E83279}"
EndProject
Global
	GlobalSection(SolutionConfigurationPlatforms) = preSolution
		Debug|Any CPU = Debug|Any CPU
		Release|Any CPU = Release|Any CPU
	EndGlobalSection
	GlobalSection(ProjectConfigurationPlatforms) = postSolution
		{899964B3-CA16-4F12-A350-60FEC2E83279}.Debug|Any CPU.ActiveCfg = Debug|Any CPU
		{899964B3-CA16-4F12-A350-60FEC2E83279}.Debug|Any CPU.Build.0 = Debug|Any CPU
		{899964B3-CA16-4F12-A350-60FEC2E83279}.Release|Any CPU.ActiveCfg = Release|Any CPU
		{899964B3-CA16-4F12-A350-60FEC2E83279}.Release|Any CPU.Build.0 = Release|Any CPU
	EndGlobalSection
	GlobalSection(SolutionProperties) = preSolution
		HideSolutionNode = FALSE
	EndGlobalSection
	GlobalSection(ExtensibilityGlobals) = postSolution
		SolutionGuid = {F51629D8-0C79-492C-BFFE-BC019EE68B48}
	EndGlobalSection
EndGlobal
