
Microsoft Visual Studio Solution File, Format Version 12.00
# Visual Studio Version 16
VisualStudioVersion = 16.0.31005.135
MinimumVisualStudioVersion = 10.0.40219.1
Project("{FAE04EC0-301F-11D3-BF4B-00C04F79EFBC}") = "Create_Custom_Data_Structures", "Create_Custom_Data_Structures\Create_Custom_Data_Structures.csproj", "{6FCB94DB-0C4E-4DEB-92B2-3ACBFB48D158}"
EndProject
Global
	GlobalSection(SolutionConfigurationPlatforms) = preSolution
		Debug|Any CPU = Debug|Any CPU
		Release|Any CPU = Release|Any CPU
	EndGlobalSection
	GlobalSection(ProjectConfigurationPlatforms) = postSolution
		{6FCB94DB-0C4E-4DEB-92B2-3ACBFB48D158}.Debug|Any CPU.ActiveCfg = Debug|Any CPU
		{6FCB94DB-0C4E-4DEB-92B2-3ACBFB48D158}.Debug|Any CPU.Build.0 = Debug|Any CPU
		{6FCB94DB-0C4E-4DEB-92B2-3ACBFB48D158}.Release|Any CPU.ActiveCfg = Release|Any CPU
		{6FCB94DB-0C4E-4DEB-92B2-3ACBFB48D158}.Release|Any CPU.Build.0 = Release|Any CPU
	EndGlobalSection
	GlobalSection(SolutionProperties) = preSolution
		HideSolutionNode = FALSE
	EndGlobalSection
	GlobalSection(ExtensibilityGlobals) = postSolution
		SolutionGuid = {80C3BA13-BDE8-42D2-9728-22B40F5579DA}
	EndGlobalSection
EndGlobal
