
Microsoft Visual Studio Solution File, Format Version 12.00
# Visual Studio Version 16
VisualStudioVersion = 16.0.31005.135
MinimumVisualStudioVersion = 10.0.40219.1
Project("{9A19103F-16F7-4668-BE54-9A1E7A4F7556}") = "03.SkiRental", "SkiRental\03.SkiRental.csproj", "{B1271EA5-B6D7-4864-883B-A4ACF7C7F41E}"
EndProject
Project("{9A19103F-16F7-4668-BE54-9A1E7A4F7556}") = "02.Survivor", "02.Survivor\02.Survivor.csproj", "{7E7A04DE-2095-4A44-8A4E-4D3BA77A0A54}"
EndProject
Project("{9A19103F-16F7-4668-BE54-9A1E7A4F7556}") = "01.Masterchef", "01.Masterchef\01.Masterchef.csproj", "{B49D41AE-471E-4D45-B1A0-7BA3E57FF4C7}"
EndProject
Global
	GlobalSection(SolutionConfigurationPlatforms) = preSolution
		Debug|Any CPU = Debug|Any CPU
		Release|Any CPU = Release|Any CPU
	EndGlobalSection
	GlobalSection(ProjectConfigurationPlatforms) = postSolution
		{B1271EA5-B6D7-4864-883B-A4ACF7C7F41E}.Debug|Any CPU.ActiveCfg = Debug|Any CPU
		{B1271EA5-B6D7-4864-883B-A4ACF7C7F41E}.Debug|Any CPU.Build.0 = Debug|Any CPU
		{B1271EA5-B6D7-4864-883B-A4ACF7C7F41E}.Release|Any CPU.ActiveCfg = Release|Any CPU
		{B1271EA5-B6D7-4864-883B-A4ACF7C7F41E}.Release|Any CPU.Build.0 = Release|Any CPU
		{7E7A04DE-2095-4A44-8A4E-4D3BA77A0A54}.Debug|Any CPU.ActiveCfg = Debug|Any CPU
		{7E7A04DE-2095-4A44-8A4E-4D3BA77A0A54}.Debug|Any CPU.Build.0 = Debug|Any CPU
		{7E7A04DE-2095-4A44-8A4E-4D3BA77A0A54}.Release|Any CPU.ActiveCfg = Release|Any CPU
		{7E7A04DE-2095-4A44-8A4E-4D3BA77A0A54}.Release|Any CPU.Build.0 = Release|Any CPU
		{B49D41AE-471E-4D45-B1A0-7BA3E57FF4C7}.Debug|Any CPU.ActiveCfg = Debug|Any CPU
		{B49D41AE-471E-4D45-B1A0-7BA3E57FF4C7}.Debug|Any CPU.Build.0 = Debug|Any CPU
		{B49D41AE-471E-4D45-B1A0-7BA3E57FF4C7}.Release|Any CPU.ActiveCfg = Release|Any CPU
		{B49D41AE-471E-4D45-B1A0-7BA3E57FF4C7}.Release|Any CPU.Build.0 = Release|Any CPU
	EndGlobalSection
	GlobalSection(SolutionProperties) = preSolution
		HideSolutionNode = FALSE
	EndGlobalSection
	GlobalSection(ExtensibilityGlobals) = postSolution
		SolutionGuid = {411F3A9A-34D4-41C6-BFAB-081FB42E134F}
	EndGlobalSection
EndGlobal
